
Microsoft Visual Studio Solution File, Format Version 12.00
# Visual Studio 15
VisualStudioVersion = 15.0.26124.0
MinimumVisualStudioVersion = 15.0.26124.0
Project("{2150E333-8FDC-42A3-9474-1A3956D46DE8}") = "src", "src", "{BB5ADE07-1D7A-47E0-807F-4B6921209380}"
EndProject
Project("{FAE04EC0-301F-11D3-BF4B-00C04F79EFBC}") = "ApplicationBusinessRules", "src\ApplicationBusinessRules\ApplicationBusinessRules.csproj", "{21CC303B-561E-4D79-AB52-7887020E7863}"
EndProject
Project("{FAE04EC0-301F-11D3-BF4B-00C04F79EFBC}") = "EnterpriseBusinessRules", "src\EnterpriseBusinessRules\EnterpriseBusinessRules.csproj", "{92C0A59E-1525-4233-9387-8FDA0683C57E}"
EndProject
Project("{FAE04EC0-301F-11D3-BF4B-00C04F79EFBC}") = "FrameworksAndDrivers", "src\FrameworksAndDrivers\FrameworksAndDrivers.csproj", "{7DF834A7-BDBD-40AD-8298-0DE331604411}"
EndProject
Project("{FAE04EC0-301F-11D3-BF4B-00C04F79EFBC}") = "InterfaceAdapters", "src\InterfaceAdapters\InterfaceAdapters.csproj", "{E4230013-9388-4843-B4AF-9DF310A7F63B}"
EndProject
Project("{2150E333-8FDC-42A3-9474-1A3956D46DE8}") = "tests", "tests", "{AF3BC2E2-5E81-4AC2-95D4-A9F4F107E9AE}"
EndProject
Project("{FAE04EC0-301F-11D3-BF4B-00C04F79EFBC}") = "ApplicationBusinessRules.UnitTests", "tests\ApplicationBusinessRules.UnitTests\ApplicationBusinessRules.UnitTests.csproj", "{4F91E160-2D23-4BA7-BDD3-D1FCB4826ED1}"
EndProject
Project("{FAE04EC0-301F-11D3-BF4B-00C04F79EFBC}") = "InterfaceAdapters.IntegrationTests", "tests\InterfaceAdapters.IntegrationTests\InterfaceAdapters.IntegrationTests.csproj", "{11C91B65-75A2-40E7-AEFD-9664F5F6DCFE}"
EndProject
Project("{FAE04EC0-301F-11D3-BF4B-00C04F79EFBC}") = "TestCases", "tests\TestCases\TestCases.csproj", "{9E848BF6-01FB-4F61-AF6A-4033AB1D2453}"
EndProject
Project("{FAE04EC0-301F-11D3-BF4B-00C04F79EFBC}") = "EnterpriseBusinessRules.UnitTests", "tests\EnterpriseBusinessRules.UnitTests\EnterpriseBusinessRules.UnitTests.csproj", "{FCB24C52-1BBC-4D23-8D08-E199A5951F2E}"
EndProject
Global
	GlobalSection(SolutionConfigurationPlatforms) = preSolution
		Debug|Any CPU = Debug|Any CPU
		Debug|x64 = Debug|x64
		Debug|x86 = Debug|x86
		Release|Any CPU = Release|Any CPU
		Release|x64 = Release|x64
		Release|x86 = Release|x86
	EndGlobalSection
	GlobalSection(SolutionProperties) = preSolution
		HideSolutionNode = FALSE
	EndGlobalSection
	GlobalSection(ProjectConfigurationPlatforms) = postSolution
		{21CC303B-561E-4D79-AB52-7887020E7863}.Debug|Any CPU.ActiveCfg = Debug|Any CPU
		{21CC303B-561E-4D79-AB52-7887020E7863}.Debug|Any CPU.Build.0 = Debug|Any CPU
		{21CC303B-561E-4D79-AB52-7887020E7863}.Debug|x64.ActiveCfg = Debug|Any CPU
		{21CC303B-561E-4D79-AB52-7887020E7863}.Debug|x64.Build.0 = Debug|Any CPU
		{21CC303B-561E-4D79-AB52-7887020E7863}.Debug|x86.ActiveCfg = Debug|Any CPU
		{21CC303B-561E-4D79-AB52-7887020E7863}.Debug|x86.Build.0 = Debug|Any CPU
		{21CC303B-561E-4D79-AB52-7887020E7863}.Release|Any CPU.ActiveCfg = Release|Any CPU
		{21CC303B-561E-4D79-AB52-7887020E7863}.Release|Any CPU.Build.0 = Release|Any CPU
		{21CC303B-561E-4D79-AB52-7887020E7863}.Release|x64.ActiveCfg = Release|Any CPU
		{21CC303B-561E-4D79-AB52-7887020E7863}.Release|x64.Build.0 = Release|Any CPU
		{21CC303B-561E-4D79-AB52-7887020E7863}.Release|x86.ActiveCfg = Release|Any CPU
		{21CC303B-561E-4D79-AB52-7887020E7863}.Release|x86.Build.0 = Release|Any CPU
		{92C0A59E-1525-4233-9387-8FDA0683C57E}.Debug|Any CPU.ActiveCfg = Debug|Any CPU
		{92C0A59E-1525-4233-9387-8FDA0683C57E}.Debug|Any CPU.Build.0 = Debug|Any CPU
		{92C0A59E-1525-4233-9387-8FDA0683C57E}.Debug|x64.ActiveCfg = Debug|Any CPU
		{92C0A59E-1525-4233-9387-8FDA0683C57E}.Debug|x64.Build.0 = Debug|Any CPU
		{92C0A59E-1525-4233-9387-8FDA0683C57E}.Debug|x86.ActiveCfg = Debug|Any CPU
		{92C0A59E-1525-4233-9387-8FDA0683C57E}.Debug|x86.Build.0 = Debug|Any CPU
		{92C0A59E-1525-4233-9387-8FDA0683C57E}.Release|Any CPU.ActiveCfg = Release|Any CPU
		{92C0A59E-1525-4233-9387-8FDA0683C57E}.Release|Any CPU.Build.0 = Release|Any CPU
		{92C0A59E-1525-4233-9387-8FDA0683C57E}.Release|x64.ActiveCfg = Release|Any CPU
		{92C0A59E-1525-4233-9387-8FDA0683C57E}.Release|x64.Build.0 = Release|Any CPU
		{92C0A59E-1525-4233-9387-8FDA0683C57E}.Release|x86.ActiveCfg = Release|Any CPU
		{92C0A59E-1525-4233-9387-8FDA0683C57E}.Release|x86.Build.0 = Release|Any CPU
		{7DF834A7-BDBD-40AD-8298-0DE331604411}.Debug|Any CPU.ActiveCfg = Debug|Any CPU
		{7DF834A7-BDBD-40AD-8298-0DE331604411}.Debug|Any CPU.Build.0 = Debug|Any CPU
		{7DF834A7-BDBD-40AD-8298-0DE331604411}.Debug|x64.ActiveCfg = Debug|Any CPU
		{7DF834A7-BDBD-40AD-8298-0DE331604411}.Debug|x64.Build.0 = Debug|Any CPU
		{7DF834A7-BDBD-40AD-8298-0DE331604411}.Debug|x86.ActiveCfg = Debug|Any CPU
		{7DF834A7-BDBD-40AD-8298-0DE331604411}.Debug|x86.Build.0 = Debug|Any CPU
		{7DF834A7-BDBD-40AD-8298-0DE331604411}.Release|Any CPU.ActiveCfg = Release|Any CPU
		{7DF834A7-BDBD-40AD-8298-0DE331604411}.Release|Any CPU.Build.0 = Release|Any CPU
		{7DF834A7-BDBD-40AD-8298-0DE331604411}.Release|x64.ActiveCfg = Release|Any CPU
		{7DF834A7-BDBD-40AD-8298-0DE331604411}.Release|x64.Build.0 = Release|Any CPU
		{7DF834A7-BDBD-40AD-8298-0DE331604411}.Release|x86.ActiveCfg = Release|Any CPU
		{7DF834A7-BDBD-40AD-8298-0DE331604411}.Release|x86.Build.0 = Release|Any CPU
		{E4230013-9388-4843-B4AF-9DF310A7F63B}.Debug|Any CPU.ActiveCfg = Debug|Any CPU
		{E4230013-9388-4843-B4AF-9DF310A7F63B}.Debug|Any CPU.Build.0 = Debug|Any CPU
		{E4230013-9388-4843-B4AF-9DF310A7F63B}.Debug|x64.ActiveCfg = Debug|Any CPU
		{E4230013-9388-4843-B4AF-9DF310A7F63B}.Debug|x64.Build.0 = Debug|Any CPU
		{E4230013-9388-4843-B4AF-9DF310A7F63B}.Debug|x86.ActiveCfg = Debug|Any CPU
		{E4230013-9388-4843-B4AF-9DF310A7F63B}.Debug|x86.Build.0 = Debug|Any CPU
		{E4230013-9388-4843-B4AF-9DF310A7F63B}.Release|Any CPU.ActiveCfg = Release|Any CPU
		{E4230013-9388-4843-B4AF-9DF310A7F63B}.Release|Any CPU.Build.0 = Release|Any CPU
		{E4230013-9388-4843-B4AF-9DF310A7F63B}.Release|x64.ActiveCfg = Release|Any CPU
		{E4230013-9388-4843-B4AF-9DF310A7F63B}.Release|x64.Build.0 = Release|Any CPU
		{E4230013-9388-4843-B4AF-9DF310A7F63B}.Release|x86.ActiveCfg = Release|Any CPU
		{E4230013-9388-4843-B4AF-9DF310A7F63B}.Release|x86.Build.0 = Release|Any CPU
		{4F91E160-2D23-4BA7-BDD3-D1FCB4826ED1}.Debug|Any CPU.ActiveCfg = Debug|Any CPU
		{4F91E160-2D23-4BA7-BDD3-D1FCB4826ED1}.Debug|Any CPU.Build.0 = Debug|Any CPU
		{4F91E160-2D23-4BA7-BDD3-D1FCB4826ED1}.Debug|x64.ActiveCfg = Debug|Any CPU
		{4F91E160-2D23-4BA7-BDD3-D1FCB4826ED1}.Debug|x64.Build.0 = Debug|Any CPU
		{4F91E160-2D23-4BA7-BDD3-D1FCB4826ED1}.Debug|x86.ActiveCfg = Debug|Any CPU
		{4F91E160-2D23-4BA7-BDD3-D1FCB4826ED1}.Debug|x86.Build.0 = Debug|Any CPU
		{4F91E160-2D23-4BA7-BDD3-D1FCB4826ED1}.Release|Any CPU.ActiveCfg = Release|Any CPU
		{4F91E160-2D23-4BA7-BDD3-D1FCB4826ED1}.Release|Any CPU.Build.0 = Release|Any CPU
		{4F91E160-2D23-4BA7-BDD3-D1FCB4826ED1}.Release|x64.ActiveCfg = Release|Any CPU
		{4F91E160-2D23-4BA7-BDD3-D1FCB4826ED1}.Release|x64.Build.0 = Release|Any CPU
		{4F91E160-2D23-4BA7-BDD3-D1FCB4826ED1}.Release|x86.ActiveCfg = Release|Any CPU
		{4F91E160-2D23-4BA7-BDD3-D1FCB4826ED1}.Release|x86.Build.0 = Release|Any CPU
		{11C91B65-75A2-40E7-AEFD-9664F5F6DCFE}.Debug|Any CPU.ActiveCfg = Debug|Any CPU
		{11C91B65-75A2-40E7-AEFD-9664F5F6DCFE}.Debug|Any CPU.Build.0 = Debug|Any CPU
		{11C91B65-75A2-40E7-AEFD-9664F5F6DCFE}.Debug|x64.ActiveCfg = Debug|Any CPU
		{11C91B65-75A2-40E7-AEFD-9664F5F6DCFE}.Debug|x64.Build.0 = Debug|Any CPU
		{11C91B65-75A2-40E7-AEFD-9664F5F6DCFE}.Debug|x86.ActiveCfg = Debug|Any CPU
		{11C91B65-75A2-40E7-AEFD-9664F5F6DCFE}.Debug|x86.Build.0 = Debug|Any CPU
		{11C91B65-75A2-40E7-AEFD-9664F5F6DCFE}.Release|Any CPU.ActiveCfg = Release|Any CPU
		{11C91B65-75A2-40E7-AEFD-9664F5F6DCFE}.Release|Any CPU.Build.0 = Release|Any CPU
		{11C91B65-75A2-40E7-AEFD-9664F5F6DCFE}.Release|x64.ActiveCfg = Release|Any CPU
		{11C91B65-75A2-40E7-AEFD-9664F5F6DCFE}.Release|x64.Build.0 = Release|Any CPU
		{11C91B65-75A2-40E7-AEFD-9664F5F6DCFE}.Release|x86.ActiveCfg = Release|Any CPU
		{11C91B65-75A2-40E7-AEFD-9664F5F6DCFE}.Release|x86.Build.0 = Release|Any CPU
		{9E848BF6-01FB-4F61-AF6A-4033AB1D2453}.Debug|Any CPU.ActiveCfg = Debug|Any CPU
		{9E848BF6-01FB-4F61-AF6A-4033AB1D2453}.Debug|Any CPU.Build.0 = Debug|Any CPU
		{9E848BF6-01FB-4F61-AF6A-4033AB1D2453}.Debug|x64.ActiveCfg = Debug|Any CPU
		{9E848BF6-01FB-4F61-AF6A-4033AB1D2453}.Debug|x64.Build.0 = Debug|Any CPU
		{9E848BF6-01FB-4F61-AF6A-4033AB1D2453}.Debug|x86.ActiveCfg = Debug|Any CPU
		{9E848BF6-01FB-4F61-AF6A-4033AB1D2453}.Debug|x86.Build.0 = Debug|Any CPU
		{9E848BF6-01FB-4F61-AF6A-4033AB1D2453}.Release|Any CPU.ActiveCfg = Release|Any CPU
		{9E848BF6-01FB-4F61-AF6A-4033AB1D2453}.Release|Any CPU.Build.0 = Release|Any CPU
		{9E848BF6-01FB-4F61-AF6A-4033AB1D2453}.Release|x64.ActiveCfg = Release|Any CPU
		{9E848BF6-01FB-4F61-AF6A-4033AB1D2453}.Release|x64.Build.0 = Release|Any CPU
		{9E848BF6-01FB-4F61-AF6A-4033AB1D2453}.Release|x86.ActiveCfg = Release|Any CPU
		{9E848BF6-01FB-4F61-AF6A-4033AB1D2453}.Release|x86.Build.0 = Release|Any CPU
		{FCB24C52-1BBC-4D23-8D08-E199A5951F2E}.Debug|Any CPU.ActiveCfg = Debug|Any CPU
		{FCB24C52-1BBC-4D23-8D08-E199A5951F2E}.Debug|Any CPU.Build.0 = Debug|Any CPU
		{FCB24C52-1BBC-4D23-8D08-E199A5951F2E}.Debug|x64.ActiveCfg = Debug|Any CPU
		{FCB24C52-1BBC-4D23-8D08-E199A5951F2E}.Debug|x64.Build.0 = Debug|Any CPU
		{FCB24C52-1BBC-4D23-8D08-E199A5951F2E}.Debug|x86.ActiveCfg = Debug|Any CPU
		{FCB24C52-1BBC-4D23-8D08-E199A5951F2E}.Debug|x86.Build.0 = Debug|Any CPU
		{FCB24C52-1BBC-4D23-8D08-E199A5951F2E}.Release|Any CPU.ActiveCfg = Release|Any CPU
		{FCB24C52-1BBC-4D23-8D08-E199A5951F2E}.Release|Any CPU.Build.0 = Release|Any CPU
		{FCB24C52-1BBC-4D23-8D08-E199A5951F2E}.Release|x64.ActiveCfg = Release|Any CPU
		{FCB24C52-1BBC-4D23-8D08-E199A5951F2E}.Release|x64.Build.0 = Release|Any CPU
		{FCB24C52-1BBC-4D23-8D08-E199A5951F2E}.Release|x86.ActiveCfg = Release|Any CPU
		{FCB24C52-1BBC-4D23-8D08-E199A5951F2E}.Release|x86.Build.0 = Release|Any CPU
	EndGlobalSection
	GlobalSection(NestedProjects) = preSolution
		{21CC303B-561E-4D79-AB52-7887020E7863} = {BB5ADE07-1D7A-47E0-807F-4B6921209380}
		{92C0A59E-1525-4233-9387-8FDA0683C57E} = {BB5ADE07-1D7A-47E0-807F-4B6921209380}
		{7DF834A7-BDBD-40AD-8298-0DE331604411} = {BB5ADE07-1D7A-47E0-807F-4B6921209380}
		{E4230013-9388-4843-B4AF-9DF310A7F63B} = {BB5ADE07-1D7A-47E0-807F-4B6921209380}
		{4F91E160-2D23-4BA7-BDD3-D1FCB4826ED1} = {AF3BC2E2-5E81-4AC2-95D4-A9F4F107E9AE}
		{11C91B65-75A2-40E7-AEFD-9664F5F6DCFE} = {AF3BC2E2-5E81-4AC2-95D4-A9F4F107E9AE}
		{9E848BF6-01FB-4F61-AF6A-4033AB1D2453} = {AF3BC2E2-5E81-4AC2-95D4-A9F4F107E9AE}
		{FCB24C52-1BBC-4D23-8D08-E199A5951F2E} = {AF3BC2E2-5E81-4AC2-95D4-A9F4F107E9AE}
	EndGlobalSection
EndGlobal
